# This file is automatically @generated by Cargo.
# It is not intended for manual editing.
version = 3

[[package]]
name = "anyhow"
version = "1.0.71"
source = "registry+https://github.com/rust-lang/crates.io-index"
checksum = "9c7d0618f0e0b7e8ff11427422b64564d5fb0be1940354bfe2e0529b18a9d9b8"

[[package]]
name = "bytecode-interpreter"
version = "0.1.0"
dependencies = [
 "anyhow",
 "lazy_static",
 "once_cell",
]

[[package]]
name = "lazy_static"
version = "1.4.0"
source = "registry+https://github.com/rust-lang/crates.io-index"
checksum = "e2abad23fbc42b3700f2f279844dc832adb2b2eb069b2df918f455c4e18cc646"

[[package]]
name = "once_cell"
version = "1.17.1"
source = "registry+https://github.com/rust-lang/crates.io-index"
checksum = "b7e5500299e16ebb147ae15a00a942af264cf3688f47923b8fc2cd5858f23ad3"
